
Microsoft Visual Studio Solution File, Format Version 12.00
# Visual Studio Version 17
VisualStudioVersion = 17.2.32616.157
MinimumVisualStudioVersion = 10.0.40219.1
Project("{FAE04EC0-301F-11D3-BF4B-00C04F79EFBC}") = "Calculadora", "Calculadora\Calculadora.csproj", "{3FC5E85A-2478-45E1-AF06-1F70F1F41266}"
EndProject
Project("{FAE04EC0-301F-11D3-BF4B-00C04F79EFBC}") = "Calculadora.Teste", "Calculadora.Teste\Calculadora.Teste.csproj", "{2FCFBCCA-6915-4FCB-8757-65636A4894D7}"
EndProject
Global
	GlobalSection(SolutionConfigurationPlatforms) = preSolution
		Debug|Any CPU = Debug|Any CPU
		Release|Any CPU = Release|Any CPU
	EndGlobalSection
	GlobalSection(ProjectConfigurationPlatforms) = postSolution
		{3FC5E85A-2478-45E1-AF06-1F70F1F41266}.Debug|Any CPU.ActiveCfg = Debug|Any CPU
		{3FC5E85A-2478-45E1-AF06-1F70F1F41266}.Debug|Any CPU.Build.0 = Debug|Any CPU
		{3FC5E85A-2478-45E1-AF06-1F70F1F41266}.Release|Any CPU.ActiveCfg = Release|Any CPU
		{3FC5E85A-2478-45E1-AF06-1F70F1F41266}.Release|Any CPU.Build.0 = Release|Any CPU
		{2FCFBCCA-6915-4FCB-8757-65636A4894D7}.Debug|Any CPU.ActiveCfg = Debug|Any CPU
		{2FCFBCCA-6915-4FCB-8757-65636A4894D7}.Debug|Any CPU.Build.0 = Debug|Any CPU
		{2FCFBCCA-6915-4FCB-8757-65636A4894D7}.Release|Any CPU.ActiveCfg = Release|Any CPU
		{2FCFBCCA-6915-4FCB-8757-65636A4894D7}.Release|Any CPU.Build.0 = Release|Any CPU
	EndGlobalSection
	GlobalSection(SolutionProperties) = preSolution
		HideSolutionNode = FALSE
	EndGlobalSection
	GlobalSection(ExtensibilityGlobals) = postSolution
		SolutionGuid = {3DDAF69D-A895-4111-AC2B-B4E061001E7D}
	EndGlobalSection
EndGlobal
